
Microsoft Visual Studio Solution File, Format Version 12.00
# Visual Studio Version 16
VisualStudioVersion = 16.0.31424.327
MinimumVisualStudioVersion = 10.0.40219.1
Project("{FAE04EC0-301F-11D3-BF4B-00C04F79EFBC}") = "ArtificialConflicts", "ArtificialConflicts\ArtificialConflicts.csproj", "{7C570987-7B8D-49A4-B5C7-B1D365D32985}"
EndProject
Global
	GlobalSection(SolutionConfigurationPlatforms) = preSolution
		Debug|Any CPU = Debug|Any CPU
		Release|Any CPU = Release|Any CPU
	EndGlobalSection
	GlobalSection(ProjectConfigurationPlatforms) = postSolution
		{7C570987-7B8D-49A4-B5C7-B1D365D32985}.Debug|Any CPU.ActiveCfg = Debug|Any CPU
		{7C570987-7B8D-49A4-B5C7-B1D365D32985}.Debug|Any CPU.Build.0 = Debug|Any CPU
		{7C570987-7B8D-49A4-B5C7-B1D365D32985}.Release|Any CPU.ActiveCfg = Release|Any CPU
		{7C570987-7B8D-49A4-B5C7-B1D365D32985}.Release|Any CPU.Build.0 = Release|Any CPU
	EndGlobalSection
	GlobalSection(SolutionProperties) = preSolution
		HideSolutionNode = FALSE
	EndGlobalSection
	GlobalSection(ExtensibilityGlobals) = postSolution
		SolutionGuid = {2BF71BCE-7B8A-461C-A6B8-FA1D7B5DA34C}
	EndGlobalSection
EndGlobal
